// !$*UTF8*$!
{
	archiveVersion = 1;
	classes = {
	};
	objectVersion = 50;
	objects = {

/* Begin PBXBuildFile section */
		917338B425AC2DDA00583057 /* AppDelegate.swift in Sources */ = {isa = PBXBuildFile; fileRef = 917338B325AC2DDA00583057 /* AppDelegate.swift */; };
		917338B625AC2DDA00583057 /* SceneDelegate.swift in Sources */ = {isa = PBXBuildFile; fileRef = 917338B525AC2DDA00583057 /* SceneDelegate.swift */; };
		917338BB25AC2DDA00583057 /* Main.storyboard in Resources */ = {isa = PBXBuildFile; fileRef = 917338B925AC2DDA00583057 /* Main.storyboard */; };
		917338BD25AC2DDB00583057 /* Assets.xcassets in Resources */ = {isa = PBXBuildFile; fileRef = 917338BC25AC2DDB00583057 /* Assets.xcassets */; };
		917338C025AC2DDB00583057 /* LaunchScreen.storyboard in Resources */ = {isa = PBXBuildFile; fileRef = 917338BE25AC2DDB00583057 /* LaunchScreen.storyboard */; };
		917338C925AC2E6400583057 /* LoginViewController.swift in Sources */ = {isa = PBXBuildFile; fileRef = 917338C825AC2E6400583057 /* LoginViewController.swift */; };
		917338CC25AC2E7600583057 /* HomeViewController.swift in Sources */ = {isa = PBXBuildFile; fileRef = 917338CB25AC2E7600583057 /* HomeViewController.swift */; };
		917338D025AC2E8C00583057 /* ImageSelectViewController.swift in Sources */ = {isa = PBXBuildFile; fileRef = 917338CF25AC2E8C00583057 /* ImageSelectViewController.swift */; };
		917338D325AC2E9E00583057 /* PostViewController.swift in Sources */ = {isa = PBXBuildFile; fileRef = 917338D225AC2E9E00583057 /* PostViewController.swift */; };
		917338D725AC2EB500583057 /* SettingViewController.swift in Sources */ = {isa = PBXBuildFile; fileRef = 917338D625AC2EB500583057 /* SettingViewController.swift */; };
		917338DD25AC313500583057 /* TabBarController.swift in Sources */ = {isa = PBXBuildFile; fileRef = 917338DC25AC313500583057 /* TabBarController.swift */; };
		917338E125AC346F00583057 /* GoogleService-Info.plist in Resources */ = {isa = PBXBuildFile; fileRef = 917338E025AC346F00583057 /* GoogleService-Info.plist */; };
/* End PBXBuildFile section */

/* Begin PBXFileReference section */
		917338B025AC2DDA00583057 /* PPFRegistry.app */ = {isa = PBXFileReference; explicitFileType = wrapper.application; includeInIndex = 0; path = PPFRegistry.app; sourceTree = BUILT_PRODUCTS_DIR; };
		917338B325AC2DDA00583057 /* AppDelegate.swift */ = {isa = PBXFileReference; lastKnownFileType = sourcecode.swift; path = AppDelegate.swift; sourceTree = "<group>"; };
		917338B525AC2DDA00583057 /* SceneDelegate.swift */ = {isa = PBXFileReference; lastKnownFileType = sourcecode.swift; path = SceneDelegate.swift; sourceTree = "<group>"; };
		917338BA25AC2DDA00583057 /* Base */ = {isa = PBXFileReference; lastKnownFileType = file.storyboard; name = Base; path = Base.lproj/Main.storyboard; sourceTree = "<group>"; };
		917338BC25AC2DDB00583057 /* Assets.xcassets */ = {isa = PBXFileReference; lastKnownFileType = folder.assetcatalog; path = Assets.xcassets; sourceTree = "<group>"; };
		917338BF25AC2DDB00583057 /* Base */ = {isa = PBXFileReference; lastKnownFileType = file.storyboard; name = Base; path = Base.lproj/LaunchScreen.storyboard; sourceTree = "<group>"; };
		917338C125AC2DDB00583057 /* Info.plist */ = {isa = PBXFileReference; lastKnownFileType = text.plist.xml; path = Info.plist; sourceTree = "<group>"; };
		917338C825AC2E6400583057 /* LoginViewController.swift */ = {isa = PBXFileReference; lastKnownFileType = sourcecode.swift; path = LoginViewController.swift; sourceTree = "<group>"; };
		917338CB25AC2E7600583057 /* HomeViewController.swift */ = {isa = PBXFileReference; lastKnownFileType = sourcecode.swift; path = HomeViewController.swift; sourceTree = "<group>"; };
		917338CF25AC2E8C00583057 /* ImageSelectViewController.swift */ = {isa = PBXFileReference; lastKnownFileType = sourcecode.swift; path = ImageSelectViewController.swift; sourceTree = "<group>"; };
		917338D225AC2E9E00583057 /* PostViewController.swift */ = {isa = PBXFileReference; lastKnownFileType = sourcecode.swift; path = PostViewController.swift; sourceTree = "<group>"; };
		917338D625AC2EB500583057 /* SettingViewController.swift */ = {isa = PBXFileReference; lastKnownFileType = sourcecode.swift; path = SettingViewController.swift; sourceTree = "<group>"; };
		917338DC25AC313500583057 /* TabBarController.swift */ = {isa = PBXFileReference; lastKnownFileType = sourcecode.swift; path = TabBarController.swift; sourceTree = "<group>"; };
		917338E025AC346F00583057 /* GoogleService-Info.plist */ = {isa = PBXFileReference; fileEncoding = 4; lastKnownFileType = text.plist.xml; path = "GoogleService-Info.plist"; sourceTree = "<group>"; };
/* End PBXFileReference section */

/* Begin PBXFrameworksBuildPhase section */
		917338AD25AC2DDA00583057 /* Frameworks */ = {
			isa = PBXFrameworksBuildPhase;
			buildActionMask = 2147483647;
			files = (
			);
			runOnlyForDeploymentPostprocessing = 0;
		};
/* End PBXFrameworksBuildPhase section */

/* Begin PBXGroup section */
		917338A725AC2DDA00583057 = {
			isa = PBXGroup;
			children = (
				917338B225AC2DDA00583057 /* PPFRegistry */,
				917338B125AC2DDA00583057 /* Products */,
			);
			sourceTree = "<group>";
		};
		917338B125AC2DDA00583057 /* Products */ = {
			isa = PBXGroup;
			children = (
				917338B025AC2DDA00583057 /* PPFRegistry.app */,
			);
			name = Products;
			sourceTree = "<group>";
		};
		917338B225AC2DDA00583057 /* PPFRegistry */ = {
			isa = PBXGroup;
			children = (
				917338B325AC2DDA00583057 /* AppDelegate.swift */,
				917338DC25AC313500583057 /* TabBarController.swift */,
				917338B525AC2DDA00583057 /* SceneDelegate.swift */,
				917338B925AC2DDA00583057 /* Main.storyboard */,
				917338C825AC2E6400583057 /* LoginViewController.swift */,
				917338CB25AC2E7600583057 /* HomeViewController.swift */,
				917338CF25AC2E8C00583057 /* ImageSelectViewController.swift */,
				917338D225AC2E9E00583057 /* PostViewController.swift */,
				917338D625AC2EB500583057 /* SettingViewController.swift */,
				917338BC25AC2DDB00583057 /* Assets.xcassets */,
				917338BE25AC2DDB00583057 /* LaunchScreen.storyboard */,
				917338C125AC2DDB00583057 /* Info.plist */,
				917338E025AC346F00583057 /* GoogleService-Info.plist */,
			);
			path = PPFRegistry;
			sourceTree = "<group>";
		};
/* End PBXGroup section */

/* Begin PBXNativeTarget section */
		917338AF25AC2DDA00583057 /* PPFRegistry */ = {
			isa = PBXNativeTarget;
			buildConfigurationList = 917338C425AC2DDB00583057 /* Build configuration list for PBXNativeTarget "PPFRegistry" */;
			buildPhases = (
				917338AC25AC2DDA00583057 /* Sources */,
				917338AD25AC2DDA00583057 /* Frameworks */,
				917338AE25AC2DDA00583057 /* Resources */,
			);
			buildRules = (
			);
			dependencies = (
			);
			name = PPFRegistry;
			productName = PPFRegistry;
			productReference = 917338B025AC2DDA00583057 /* PPFRegistry.app */;
			productType = "com.apple.product-type.application";
		};
/* End PBXNativeTarget section */

/* Begin PBXProject section */
		917338A825AC2DDA00583057 /* Project object */ = {
			isa = PBXProject;
			attributes = {
				LastSwiftUpdateCheck = 1230;
				LastUpgradeCheck = 1230;
				TargetAttributes = {
					917338AF25AC2DDA00583057 = {
						CreatedOnToolsVersion = 12.3;
					};
				};
			};
			buildConfigurationList = 917338AB25AC2DDA00583057 /* Build configuration list for PBXProject "PPFRegistry" */;
			compatibilityVersion = "Xcode 9.3";
			developmentRegion = en;
			hasScannedForEncodings = 0;
			knownRegions = (
				en,
				Base,
			);
			mainGroup = 917338A725AC2DDA00583057;
			productRefGroup = 917338B125AC2DDA00583057 /* Products */;
			projectDirPath = "";
			projectRoot = "";
			targets = (
				917338AF25AC2DDA00583057 /* PPFRegistry */,
			);
		};
/* End PBXProject section */

/* Begin PBXResourcesBuildPhase section */
		917338AE25AC2DDA00583057 /* Resources */ = {
			isa = PBXResourcesBuildPhase;
			buildActionMask = 2147483647;
			files = (
				917338C025AC2DDB00583057 /* LaunchScreen.storyboard in Resources */,
				917338E125AC346F00583057 /* GoogleService-Info.plist in Resources */,
				917338BD25AC2DDB00583057 /* Assets.xcassets in Resources */,
				917338BB25AC2DDA00583057 /* Main.storyboard in Resources */,
			);
			runOnlyForDeploymentPostprocessing = 0;
		};
/* End PBXResourcesBuildPhase section */

/* Begin PBXSourcesBuildPhase section */
		917338AC25AC2DDA00583057 /* Sources */ = {
			isa = PBXSourcesBuildPhase;
			buildActionMask = 2147483647;
			files = (
				917338D025AC2E8C00583057 /* ImageSelectViewController.swift in Sources */,
				917338DD25AC313500583057 /* TabBarController.swift in Sources */,
				917338CC25AC2E7600583057 /* HomeViewController.swift in Sources */,
				917338D325AC2E9E00583057 /* PostViewController.swift in Sources */,
				917338D725AC2EB500583057 /* SettingViewController.swift in Sources */,
				917338C925AC2E6400583057 /* LoginViewController.swift in Sources */,
				917338B425AC2DDA00583057 /* AppDelegate.swift in Sources */,
				917338B625AC2DDA00583057 /* SceneDelegate.swift in Sources */,
			);
			runOnlyForDeploymentPostprocessing = 0;
		};
/* End PBXSourcesBuildPhase section */

/* Begin PBXVariantGroup section */
		917338B925AC2DDA00583057 /* Main.storyboard */ = {
			isa = PBXVariantGroup;
			children = (
				917338BA25AC2DDA00583057 /* Base */,
			);
			name = Main.storyboard;
			sourceTree = "<group>";
		};
		917338BE25AC2DDB00583057 /* LaunchScreen.storyboard */ = {
			isa = PBXVariantGroup;
			children = (
				917338BF25AC2DDB00583057 /* Base */,
			);
			name = LaunchScreen.storyboard;
			sourceTree = "<group>";
		};
/* End PBXVariantGroup section */

/* Begin XCBuildConfiguration section */
		917338C225AC2DDB00583057 /* Debug */ = {
			isa = XCBuildConfiguration;
			buildSettings = {
				ALWAYS_SEARCH_USER_PATHS = NO;
				CLANG_ANALYZER_NONNULL = YES;
				CLANG_ANALYZER_NUMBER_OBJECT_CONVERSION = YES_AGGRESSIVE;
				CLANG_CXX_LANGUAGE_STANDARD = "gnu++14";
				CLANG_CXX_LIBRARY = "libc++";
				CLANG_ENABLE_MODULES = YES;
				CLANG_ENABLE_OBJC_ARC = YES;
				CLANG_ENABLE_OBJC_WEAK = YES;
				CLANG_WARN_BLOCK_CAPTURE_AUTORELEASING = YES;
				CLANG_WARN_BOOL_CONVERSION = YES;
				CLANG_WARN_COMMA = YES;
				CLANG_WARN_CONSTANT_CONVERSION = YES;
				CLANG_WARN_DEPRECATED_OBJC_IMPLEMENTATIONS = YES;
				CLANG_WARN_DIRECT_OBJC_ISA_USAGE = YES_ERROR;
				CLANG_WARN_DOCUMENTATION_COMMENTS = YES;
				CLANG_WARN_EMPTY_BODY = YES;
				CLANG_WARN_ENUM_CONVERSION = YES;
				CLANG_WARN_INFINITE_RECURSION = YES;
				CLANG_WARN_INT_CONVERSION = YES;
				CLANG_WARN_NON_LITERAL_NULL_CONVERSION = YES;
				CLANG_WARN_OBJC_IMPLICIT_RETAIN_SELF = YES;
				CLANG_WARN_OBJC_LITERAL_CONVERSION = YES;
				CLANG_WARN_OBJC_ROOT_CLASS = YES_ERROR;
				CLANG_WARN_QUOTED_INCLUDE_IN_FRAMEWORK_HEADER = YES;
				CLANG_WARN_RANGE_LOOP_ANALYSIS = YES;
				CLANG_WARN_STRICT_PROTOTYPES = YES;
				CLANG_WARN_SUSPICIOUS_MOVE = YES;
				CLANG_WARN_UNGUARDED_AVAILABILITY = YES_AGGRESSIVE;
				CLANG_WARN_UNREACHABLE_CODE = YES;
				CLANG_WARN__DUPLICATE_METHOD_MATCH = YES;
				COPY_PHASE_STRIP = NO;
				DEBUG_INFORMATION_FORMAT = dwarf;
				ENABLE_STRICT_OBJC_MSGSEND = YES;
				ENABLE_TESTABILITY = YES;
				GCC_C_LANGUAGE_STANDARD = gnu11;
				GCC_DYNAMIC_NO_PIC = NO;
				GCC_NO_COMMON_BLOCKS = YES;
				GCC_OPTIMIZATION_LEVEL = 0;
				GCC_PREPROCESSOR_DEFINITIONS = (
					"DEBUG=1",
					"$(inherited)",
				);
				GCC_WARN_64_TO_32_BIT_CONVERSION = YES;
				GCC_WARN_ABOUT_RETURN_TYPE = YES_ERROR;
				GCC_WARN_UNDECLARED_SELECTOR = YES;
				GCC_WARN_UNINITIALIZED_AUTOS = YES_AGGRESSIVE;
				GCC_WARN_UNUSED_FUNCTION = YES;
				GCC_WARN_UNUSED_VARIABLE = YES;
				IPHONEOS_DEPLOYMENT_TARGET = 14.3;
				MTL_ENABLE_DEBUG_INFO = INCLUDE_SOURCE;
				MTL_FAST_MATH = YES;
				ONLY_ACTIVE_ARCH = YES;
				SDKROOT = iphoneos;
				SWIFT_ACTIVE_COMPILATION_CONDITIONS = DEBUG;
				SWIFT_OPTIMIZATION_LEVEL = "-Onone";
			};
			name = Debug;
		};
		917338C325AC2DDB00583057 /* Release */ = {
			isa = XCBuildConfiguration;
			buildSettings = {
				ALWAYS_SEARCH_USER_PATHS = NO;
				CLANG_ANALYZER_NONNULL = YES;
				CLANG_ANALYZER_NUMBER_OBJECT_CONVERSION = YES_AGGRESSIVE;
				CLANG_CXX_LANGUAGE_STANDARD = "gnu++14";
				CLANG_CXX_LIBRARY = "libc++";
				CLANG_ENABLE_MODULES = YES;
				CLANG_ENABLE_OBJC_ARC = YES;
				CLANG_ENABLE_OBJC_WEAK = YES;
				CLANG_WARN_BLOCK_CAPTURE_AUTORELEASING = YES;
				CLANG_WARN_BOOL_CONVERSION = YES;
				CLANG_WARN_COMMA = YES;
				CLANG_WARN_CONSTANT_CONVERSION = YES;
				CLANG_WARN_DEPRECATED_OBJC_IMPLEMENTATIONS = YES;
				CLANG_WARN_DIRECT_OBJC_ISA_USAGE = YES_ERROR;
				CLANG_WARN_DOCUMENTATION_COMMENTS = YES;
				CLANG_WARN_EMPTY_BODY = YES;
				CLANG_WARN_ENUM_CONVERSION = YES;
				CLANG_WARN_INFINITE_RECURSION = YES;
				CLANG_WARN_INT_CONVERSION = YES;
				CLANG_WARN_NON_LITERAL_NULL_CONVERSION = YES;
				CLANG_WARN_OBJC_IMPLICIT_RETAIN_SELF = YES;
				CLANG_WARN_OBJC_LITERAL_CONVERSION = YES;
				CLANG_WARN_OBJC_ROOT_CLASS = YES_ERROR;
				CLANG_WARN_QUOTED_INCLUDE_IN_FRAMEWORK_HEADER = YES;
				CLANG_WARN_RANGE_LOOP_ANALYSIS = YES;
				CLANG_WARN_STRICT_PROTOTYPES = YES;
				CLANG_WARN_SUSPICIOUS_MOVE = YES;
				CLANG_WARN_UNGUARDED_AVAILABILITY = YES_AGGRESSIVE;
				CLANG_WARN_UNREACHABLE_CODE = YES;
				CLANG_WARN__DUPLICATE_METHOD_MATCH = YES;
				COPY_PHASE_STRIP = NO;
				DEBUG_INFORMATION_FORMAT = "dwarf-with-dsym";
				ENABLE_NS_ASSERTIONS = NO;
				ENABLE_STRICT_OBJC_MSGSEND = YES;
				GCC_C_LANGUAGE_STANDARD = gnu11;
				GCC_NO_COMMON_BLOCKS = YES;
				GCC_WARN_64_TO_32_BIT_CONVERSION = YES;
				GCC_WARN_ABOUT_RETURN_TYPE = YES_ERROR;
				GCC_WARN_UNDECLARED_SELECTOR = YES;
				GCC_WARN_UNINITIALIZED_AUTOS = YES_AGGRESSIVE;
				GCC_WARN_UNUSED_FUNCTION = YES;
				GCC_WARN_UNUSED_VARIABLE = YES;
				IPHONEOS_DEPLOYMENT_TARGET = 14.3;
				MTL_ENABLE_DEBUG_INFO = NO;
				MTL_FAST_MATH = YES;
				SDKROOT = iphoneos;
				SWIFT_COMPILATION_MODE = wholemodule;
				SWIFT_OPTIMIZATION_LEVEL = "-O";
				VALIDATE_PRODUCT = YES;
			};
			name = Release;
		};
		917338C525AC2DDB00583057 /* Debug */ = {
			isa = XCBuildConfiguration;
			buildSettings = {
				ASSETCATALOG_COMPILER_APPICON_NAME = AppIcon;
				ASSETCATALOG_COMPILER_GLOBAL_ACCENT_COLOR_NAME = AccentColor;
				CODE_SIGN_STYLE = Automatic;
				DEVELOPMENT_TEAM = T9AY7JV4BC;
				INFOPLIST_FILE = PPFRegistry/Info.plist;
				LD_RUNPATH_SEARCH_PATHS = (
					"$(inherited)",
					"@executable_path/Frameworks",
				);
				PRODUCT_BUNDLE_IDENTIFIER = soichiro.okada.PPFRegistry;
				PRODUCT_NAME = "$(TARGET_NAME)";
				SWIFT_VERSION = 5.0;
				TARGETED_DEVICE_FAMILY = "1,2";
			};
			name = Debug;
		};
		917338C625AC2DDB00583057 /* Release */ = {
			isa = XCBuildConfiguration;
			buildSettings = {
				ASSETCATALOG_COMPILER_APPICON_NAME = AppIcon;
				ASSETCATALOG_COMPILER_GLOBAL_ACCENT_COLOR_NAME = AccentColor;
				CODE_SIGN_STYLE = Automatic;
				DEVELOPMENT_TEAM = T9AY7JV4BC;
				INFOPLIST_FILE = PPFRegistry/Info.plist;
				LD_RUNPATH_SEARCH_PATHS = (
					"$(inherited)",
					"@executable_path/Frameworks",
				);
				PRODUCT_BUNDLE_IDENTIFIER = soichiro.okada.PPFRegistry;
				PRODUCT_NAME = "$(TARGET_NAME)";
				SWIFT_VERSION = 5.0;
				TARGETED_DEVICE_FAMILY = "1,2";
			};
			name = Release;
		};
/* End XCBuildConfiguration section */

/* Begin XCConfigurationList section */
		917338AB25AC2DDA00583057 /* Build configuration list for PBXProject "PPFRegistry" */ = {
			isa = XCConfigurationList;
			buildConfigurations = (
				917338C225AC2DDB00583057 /* Debug */,
				917338C325AC2DDB00583057 /* Release */,
			);
			defaultConfigurationIsVisible = 0;
			defaultConfigurationName = Release;
		};
		917338C425AC2DDB00583057 /* Build configuration list for PBXNativeTarget "PPFRegistry" */ = {
			isa = XCConfigurationList;
			buildConfigurations = (
				917338C525AC2DDB00583057 /* Debug */,
				917338C625AC2DDB00583057 /* Release */,
			);
			defaultConfigurationIsVisible = 0;
			defaultConfigurationName = Release;
		};
/* End XCConfigurationList section */
	};
	rootObject = 917338A825AC2DDA00583057 /* Project object */;
}
